
Microsoft Visual Studio Solution File, Format Version 12.00
# Visual Studio Version 17
VisualStudioVersion = 17.0.31912.275
MinimumVisualStudioVersion = 10.0.40219.1
Project("{FAE04EC0-301F-11D3-BF4B-00C04F79EFBC}") = "AdventOfCode", "AdventOfCode\AdventOfCode.csproj", "{D3718F99-FC3E-4FCB-9033-0E48377E9966}"
EndProject
Global
	GlobalSection(SolutionConfigurationPlatforms) = preSolution
		Debug|Any CPU = Debug|Any CPU
		Release|Any CPU = Release|Any CPU
	EndGlobalSection
	GlobalSection(ProjectConfigurationPlatforms) = postSolution
		{D3718F99-FC3E-4FCB-9033-0E48377E9966}.Debug|Any CPU.ActiveCfg = Debug|Any CPU
		{D3718F99-FC3E-4FCB-9033-0E48377E9966}.Debug|Any CPU.Build.0 = Debug|Any CPU
		{D3718F99-FC3E-4FCB-9033-0E48377E9966}.Release|Any CPU.ActiveCfg = Release|Any CPU
		{D3718F99-FC3E-4FCB-9033-0E48377E9966}.Release|Any CPU.Build.0 = Release|Any CPU
	EndGlobalSection
	GlobalSection(SolutionProperties) = preSolution
		HideSolutionNode = FALSE
	EndGlobalSection
	GlobalSection(ExtensibilityGlobals) = postSolution
		SolutionGuid = {BC674FA9-AD69-4EC9-AECD-2C1A0DA1CD3F}
	EndGlobalSection
EndGlobal
